
Microsoft Visual Studio Solution File, Format Version 12.00
# Visual Studio Version 17
VisualStudioVersion = 17.7.34221.43
MinimumVisualStudioVersion = 10.0.40219.1
Project("{FAE04EC0-301F-11D3-BF4B-00C04F79EFBC}") = "MVC_For_Tests", "MVC_For_Tests\MVC_For_Tests.csproj", "{C210A400-8E78-44E4-8080-3AE9B8542817}"
EndProject
Global
	GlobalSection(SolutionConfigurationPlatforms) = preSolution
		Debug|Any CPU = Debug|Any CPU
		Release|Any CPU = Release|Any CPU
	EndGlobalSection
	GlobalSection(ProjectConfigurationPlatforms) = postSolution
		{C210A400-8E78-44E4-8080-3AE9B8542817}.Debug|Any CPU.ActiveCfg = Debug|Any CPU
		{C210A400-8E78-44E4-8080-3AE9B8542817}.Debug|Any CPU.Build.0 = Debug|Any CPU
		{C210A400-8E78-44E4-8080-3AE9B8542817}.Release|Any CPU.ActiveCfg = Release|Any CPU
		{C210A400-8E78-44E4-8080-3AE9B8542817}.Release|Any CPU.Build.0 = Release|Any CPU
	EndGlobalSection
	GlobalSection(SolutionProperties) = preSolution
		HideSolutionNode = FALSE
	EndGlobalSection
	GlobalSection(ExtensibilityGlobals) = postSolution
		SolutionGuid = {8857B745-2DCF-4300-ADB6-7D93977112C6}
	EndGlobalSection
EndGlobal
